
Microsoft Visual Studio Solution File, Format Version 12.00
# Visual Studio Version 16
VisualStudioVersion = 16.0.30128.74
MinimumVisualStudioVersion = 10.0.40219.1
Project("{FAE04EC0-301F-11D3-BF4B-00C04F79EFBC}") = "WebShopProject", "WebShopProject\WebShopProject.csproj", "{FE8DE6BF-DB03-4D69-8A59-4EC2CEC37656}"
EndProject
Project("{FAE04EC0-301F-11D3-BF4B-00C04F79EFBC}") = "WSP.Bl", "WSP.Bl\WSP.Bl.csproj", "{FA839CC4-5BE9-45C7-A1E3-F16F8BA0A753}"
EndProject
Global
	GlobalSection(SolutionConfigurationPlatforms) = preSolution
		Debug|Any CPU = Debug|Any CPU
		Release|Any CPU = Release|Any CPU
	EndGlobalSection
	GlobalSection(ProjectConfigurationPlatforms) = postSolution
		{FE8DE6BF-DB03-4D69-8A59-4EC2CEC37656}.Debug|Any CPU.ActiveCfg = Debug|Any CPU
		{FE8DE6BF-DB03-4D69-8A59-4EC2CEC37656}.Debug|Any CPU.Build.0 = Debug|Any CPU
		{FE8DE6BF-DB03-4D69-8A59-4EC2CEC37656}.Release|Any CPU.ActiveCfg = Release|Any CPU
		{FE8DE6BF-DB03-4D69-8A59-4EC2CEC37656}.Release|Any CPU.Build.0 = Release|Any CPU
		{FA839CC4-5BE9-45C7-A1E3-F16F8BA0A753}.Debug|Any CPU.ActiveCfg = Debug|Any CPU
		{FA839CC4-5BE9-45C7-A1E3-F16F8BA0A753}.Debug|Any CPU.Build.0 = Debug|Any CPU
		{FA839CC4-5BE9-45C7-A1E3-F16F8BA0A753}.Release|Any CPU.ActiveCfg = Release|Any CPU
		{FA839CC4-5BE9-45C7-A1E3-F16F8BA0A753}.Release|Any CPU.Build.0 = Release|Any CPU
	EndGlobalSection
	GlobalSection(SolutionProperties) = preSolution
		HideSolutionNode = FALSE
	EndGlobalSection
	GlobalSection(ExtensibilityGlobals) = postSolution
		SolutionGuid = {4C56BE0D-9A84-4EDD-A17D-70720193B6D9}
	EndGlobalSection
EndGlobal
